{
  "lockfileVersion": 1,
  "dependencies": {
    "systemjs": {
      "version": "0.20.14",
      "resolved": "https://registry.npmjs.org/systemjs/-/systemjs-0.20.14.tgz",
      "integrity": "sha512-emxZNtgvuJgdTS5dWvq6kgbeY8aDunNTasMWCu6JTxlfS4nSyJ6++YdN07fdoMFpSExOXvcdneFuwLC5LhXGng=="
    }
  }
}
